
Microsoft Visual Studio Solution File, Format Version 12.00
# Visual Studio 15
VisualStudioVersion = 15.0.27130.2036
MinimumVisualStudioVersion = 10.0.40219.1
Project("{2150E333-8FDC-42A3-9474-1A3956D46DE8}") = "Solution Items", "Solution Items", "{A101C2F7-C63F-4FDE-94BB-DFA637EBEA44}"
	ProjectSection(SolutionItems) = preProject
		.gitignore = .gitignore
		CODE_OF_CONDUCT.md = CODE_OF_CONDUCT.md
		CONTRIBUTING.md = CONTRIBUTING.md
		LICENSE = LICENSE
		NOTICE = NOTICE
		README.md = README.md
	EndProjectSection
EndProject
Project("{9A19103F-16F7-4668-BE54-9A1E7A4F7556}") = "Amazon.ApplicationLoadBalancer.Identity.AspNetCore", "Amazon.ApplicationLoadBalancer.Identity.AspNetCore\Amazon.ApplicationLoadBalancer.Identity.AspNetCore.csproj", "{3DD26AE4-2CEB-4DC8-82AC-F71EC17AC757}"
EndProject
Project("{9A19103F-16F7-4668-BE54-9A1E7A4F7556}") = "Amazon.ApplicationLoadBalancer.Identity.AspNetCore.Tests", "Amazon.ApplicationLoadBalancer.Identity.AspNetCore.Tests\Amazon.ApplicationLoadBalancer.Identity.AspNetCore.Tests.csproj", "{E60C7487-7491-4BB4-BC47-E0F803515835}"
EndProject
Global
	GlobalSection(SolutionConfigurationPlatforms) = preSolution
		Debug|Any CPU = Debug|Any CPU
		Release|Any CPU = Release|Any CPU
	EndGlobalSection
	GlobalSection(ProjectConfigurationPlatforms) = postSolution
		{3DD26AE4-2CEB-4DC8-82AC-F71EC17AC757}.Debug|Any CPU.ActiveCfg = Debug|Any CPU
		{3DD26AE4-2CEB-4DC8-82AC-F71EC17AC757}.Debug|Any CPU.Build.0 = Debug|Any CPU
		{3DD26AE4-2CEB-4DC8-82AC-F71EC17AC757}.Release|Any CPU.ActiveCfg = Release|Any CPU
		{3DD26AE4-2CEB-4DC8-82AC-F71EC17AC757}.Release|Any CPU.Build.0 = Release|Any CPU
		{E60C7487-7491-4BB4-BC47-E0F803515835}.Debug|Any CPU.ActiveCfg = Debug|Any CPU
		{E60C7487-7491-4BB4-BC47-E0F803515835}.Debug|Any CPU.Build.0 = Debug|Any CPU
		{E60C7487-7491-4BB4-BC47-E0F803515835}.Release|Any CPU.ActiveCfg = Release|Any CPU
		{E60C7487-7491-4BB4-BC47-E0F803515835}.Release|Any CPU.Build.0 = Release|Any CPU
	EndGlobalSection
	GlobalSection(SolutionProperties) = preSolution
		HideSolutionNode = FALSE
	EndGlobalSection
	GlobalSection(ExtensibilityGlobals) = postSolution
		SolutionGuid = {503678A4-B8D1-4486-8915-405A3E9CF0EB}
	EndGlobalSection
EndGlobal
